
Microsoft Visual Studio Solution File, Format Version 12.00
# Visual Studio Version 17
VisualStudioVersion = 17.0.31912.275
MinimumVisualStudioVersion = 10.0.40219.1
Project("{FAE04EC0-301F-11D3-BF4B-00C04F79EFBC}") = "ProductService", "ProductService\ProductService.csproj", "{3D85FF56-6349-44FB-A507-01EE9DC783A3}"
EndProject
Project("{FAE04EC0-301F-11D3-BF4B-00C04F79EFBC}") = "OcelotApiGateway", "OcelotApiGateway\OcelotApiGateway.csproj", "{254C0D0F-5C56-4B72-BF07-8FED52977B63}"
EndProject
Project("{FAE04EC0-301F-11D3-BF4B-00C04F79EFBC}") = "StoreService", "StoreService\StoreService.csproj", "{6BA570EA-E82E-494F-9180-57DB86EFFDA3}"
EndProject
Global
	GlobalSection(SolutionConfigurationPlatforms) = preSolution
		Debug|Any CPU = Debug|Any CPU
		Release|Any CPU = Release|Any CPU
	EndGlobalSection
	GlobalSection(ProjectConfigurationPlatforms) = postSolution
		{3D85FF56-6349-44FB-A507-01EE9DC783A3}.Debug|Any CPU.ActiveCfg = Debug|Any CPU
		{3D85FF56-6349-44FB-A507-01EE9DC783A3}.Debug|Any CPU.Build.0 = Debug|Any CPU
		{3D85FF56-6349-44FB-A507-01EE9DC783A3}.Release|Any CPU.ActiveCfg = Release|Any CPU
		{3D85FF56-6349-44FB-A507-01EE9DC783A3}.Release|Any CPU.Build.0 = Release|Any CPU
		{254C0D0F-5C56-4B72-BF07-8FED52977B63}.Debug|Any CPU.ActiveCfg = Debug|Any CPU
		{254C0D0F-5C56-4B72-BF07-8FED52977B63}.Debug|Any CPU.Build.0 = Debug|Any CPU
		{254C0D0F-5C56-4B72-BF07-8FED52977B63}.Release|Any CPU.ActiveCfg = Release|Any CPU
		{254C0D0F-5C56-4B72-BF07-8FED52977B63}.Release|Any CPU.Build.0 = Release|Any CPU
		{6BA570EA-E82E-494F-9180-57DB86EFFDA3}.Debug|Any CPU.ActiveCfg = Debug|Any CPU
		{6BA570EA-E82E-494F-9180-57DB86EFFDA3}.Debug|Any CPU.Build.0 = Debug|Any CPU
		{6BA570EA-E82E-494F-9180-57DB86EFFDA3}.Release|Any CPU.ActiveCfg = Release|Any CPU
		{6BA570EA-E82E-494F-9180-57DB86EFFDA3}.Release|Any CPU.Build.0 = Release|Any CPU
	EndGlobalSection
	GlobalSection(SolutionProperties) = preSolution
		HideSolutionNode = FALSE
	EndGlobalSection
	GlobalSection(ExtensibilityGlobals) = postSolution
		SolutionGuid = {9A6C6470-257B-4569-83A5-1D023C6D6EAD}
	EndGlobalSection
EndGlobal
